// !$*UTF8*$!
{
	archiveVersion = 1;
	classes = {
	};
	objectVersion = 51;
	objects = {

/* Begin PBXBuildFile section */
		32B33130AC1585327AE676B8 /* Pods_OcTestProject.framework in Frameworks */ = {isa = PBXBuildFile; fileRef = 9883F52DA3743E6E05749221 /* Pods_OcTestProject.framework */; };
		570AE39D2389769800C29753 /* AppDelegate.m in Sources */ = {isa = PBXBuildFile; fileRef = 570AE39C2389769800C29753 /* AppDelegate.m */; };
		570AE3A02389769800C29753 /* SceneDelegate.m in Sources */ = {isa = PBXBuildFile; fileRef = 570AE39F2389769800C29753 /* SceneDelegate.m */; };
		570AE3A32389769800C29753 /* MainViewController.m in Sources */ = {isa = PBXBuildFile; fileRef = 570AE3A22389769800C29753 /* MainViewController.m */; };
		570AE3A62389769800C29753 /* Main.storyboard in Resources */ = {isa = PBXBuildFile; fileRef = 570AE3A42389769800C29753 /* Main.storyboard */; };
		570AE3A82389769A00C29753 /* Assets.xcassets in Resources */ = {isa = PBXBuildFile; fileRef = 570AE3A72389769A00C29753 /* Assets.xcassets */; };
		570AE3AB2389769A00C29753 /* LaunchScreen.storyboard in Resources */ = {isa = PBXBuildFile; fileRef = 570AE3A92389769A00C29753 /* LaunchScreen.storyboard */; };
		570AE3AE2389769A00C29753 /* main.m in Sources */ = {isa = PBXBuildFile; fileRef = 570AE3AD2389769A00C29753 /* main.m */; };
		57C2893E238AA9300000CAE9 /* DetailPageViewController.m in Sources */ = {isa = PBXBuildFile; fileRef = 57C2893C238AA9300000CAE9 /* DetailPageViewController.m */; };
		57C2893F238AA9300000CAE9 /* DetailPageViewController.xib in Resources */ = {isa = PBXBuildFile; fileRef = 57C2893D238AA9300000CAE9 /* DetailPageViewController.xib */; };
		57C28943238AABB80000CAE9 /* MyTableViewController.m in Sources */ = {isa = PBXBuildFile; fileRef = 57C28941238AABB80000CAE9 /* MyTableViewController.m */; };
		57C28944238AABB80000CAE9 /* MyTableViewController.xib in Resources */ = {isa = PBXBuildFile; fileRef = 57C28942238AABB80000CAE9 /* MyTableViewController.xib */; };
		57C2894A238ACB050000CAE9 /* MyTableViewCell.m in Sources */ = {isa = PBXBuildFile; fileRef = 57C28948238ACB050000CAE9 /* MyTableViewCell.m */; };
		57C2894B238ACB050000CAE9 /* MyTableViewCell.xib in Resources */ = {isa = PBXBuildFile; fileRef = 57C28949238ACB050000CAE9 /* MyTableViewCell.xib */; };
		57E1211F238A7584009DA333 /* SecondTabViewController.m in Sources */ = {isa = PBXBuildFile; fileRef = 57E1211E238A7584009DA333 /* SecondTabViewController.m */; };
		57E12123238A86E9009DA333 /* ThirdViewController.m in Sources */ = {isa = PBXBuildFile; fileRef = 57E12122238A86E9009DA333 /* ThirdViewController.m */; };
		EEBC4FE36E876E36AA4C1A4A /* .gitignore in Resources */ = {isa = PBXBuildFile; fileRef = EEBE6218F7C6F61FDC7C6876 /* .gitignore */; };
		EEBE898F42756281BF24808E /* MyModel.m in Sources */ = {isa = PBXBuildFile; fileRef = EEBDFA98E2236DE01D25BA14 /* MyModel.m */; };
/* End PBXBuildFile section */

/* Begin PBXFileReference section */
		570AE3982389769800C29753 /* OcTestProject.app */ = {isa = PBXFileReference; explicitFileType = wrapper.application; includeInIndex = 0; path = OcTestProject.app; sourceTree = BUILT_PRODUCTS_DIR; };
		570AE39B2389769800C29753 /* AppDelegate.h */ = {isa = PBXFileReference; lastKnownFileType = sourcecode.c.h; path = AppDelegate.h; sourceTree = "<group>"; };
		570AE39C2389769800C29753 /* AppDelegate.m */ = {isa = PBXFileReference; lastKnownFileType = sourcecode.c.objc; path = AppDelegate.m; sourceTree = "<group>"; };
		570AE39E2389769800C29753 /* SceneDelegate.h */ = {isa = PBXFileReference; lastKnownFileType = sourcecode.c.h; path = SceneDelegate.h; sourceTree = "<group>"; };
		570AE39F2389769800C29753 /* SceneDelegate.m */ = {isa = PBXFileReference; lastKnownFileType = sourcecode.c.objc; path = SceneDelegate.m; sourceTree = "<group>"; };
		570AE3A12389769800C29753 /* MainViewController.h */ = {isa = PBXFileReference; lastKnownFileType = sourcecode.c.h; path = MainViewController.h; sourceTree = "<group>"; };
		570AE3A22389769800C29753 /* MainViewController.m */ = {isa = PBXFileReference; lastKnownFileType = sourcecode.c.objc; path = MainViewController.m; sourceTree = "<group>"; };
		570AE3A52389769800C29753 /* Base */ = {isa = PBXFileReference; lastKnownFileType = file.storyboard; name = Base; path = Base.lproj/Main.storyboard; sourceTree = "<group>"; };
		570AE3A72389769A00C29753 /* Assets.xcassets */ = {isa = PBXFileReference; lastKnownFileType = folder.assetcatalog; path = Assets.xcassets; sourceTree = "<group>"; };
		570AE3AA2389769A00C29753 /* Base */ = {isa = PBXFileReference; lastKnownFileType = file.storyboard; name = Base; path = Base.lproj/LaunchScreen.storyboard; sourceTree = "<group>"; };
		570AE3AC2389769A00C29753 /* Info.plist */ = {isa = PBXFileReference; lastKnownFileType = text.plist.xml; path = Info.plist; sourceTree = "<group>"; };
		570AE3AD2389769A00C29753 /* main.m */ = {isa = PBXFileReference; lastKnownFileType = sourcecode.c.objc; path = main.m; sourceTree = "<group>"; };
		57C2893B238AA9300000CAE9 /* DetailPageViewController.h */ = {isa = PBXFileReference; lastKnownFileType = sourcecode.c.h; path = DetailPageViewController.h; sourceTree = "<group>"; };
		57C2893C238AA9300000CAE9 /* DetailPageViewController.m */ = {isa = PBXFileReference; lastKnownFileType = sourcecode.c.objc; path = DetailPageViewController.m; sourceTree = "<group>"; };
		57C2893D238AA9300000CAE9 /* DetailPageViewController.xib */ = {isa = PBXFileReference; lastKnownFileType = file.xib; path = DetailPageViewController.xib; sourceTree = "<group>"; };
		57C28940238AABB80000CAE9 /* MyTableViewController.h */ = {isa = PBXFileReference; lastKnownFileType = sourcecode.c.h; path = MyTableViewController.h; sourceTree = "<group>"; };
		57C28941238AABB80000CAE9 /* MyTableViewController.m */ = {isa = PBXFileReference; lastKnownFileType = sourcecode.c.objc; path = MyTableViewController.m; sourceTree = "<group>"; };
		57C28942238AABB80000CAE9 /* MyTableViewController.xib */ = {isa = PBXFileReference; lastKnownFileType = file.xib; path = MyTableViewController.xib; sourceTree = "<group>"; };
		57C28947238ACB050000CAE9 /* MyTableViewCell.h */ = {isa = PBXFileReference; lastKnownFileType = sourcecode.c.h; path = MyTableViewCell.h; sourceTree = "<group>"; };
		57C28948238ACB050000CAE9 /* MyTableViewCell.m */ = {isa = PBXFileReference; lastKnownFileType = sourcecode.c.objc; path = MyTableViewCell.m; sourceTree = "<group>"; };
		57C28949238ACB050000CAE9 /* MyTableViewCell.xib */ = {isa = PBXFileReference; lastKnownFileType = file.xib; path = MyTableViewCell.xib; sourceTree = "<group>"; };
		57E1211D238A7584009DA333 /* SecondTabViewController.h */ = {isa = PBXFileReference; lastKnownFileType = sourcecode.c.h; path = SecondTabViewController.h; sourceTree = "<group>"; };
		57E1211E238A7584009DA333 /* SecondTabViewController.m */ = {isa = PBXFileReference; lastKnownFileType = sourcecode.c.objc; path = SecondTabViewController.m; sourceTree = "<group>"; };
		57E12121238A86E9009DA333 /* ThirdViewController.h */ = {isa = PBXFileReference; lastKnownFileType = sourcecode.c.h; path = ThirdViewController.h; sourceTree = "<group>"; };
		57E12122238A86E9009DA333 /* ThirdViewController.m */ = {isa = PBXFileReference; lastKnownFileType = sourcecode.c.objc; path = ThirdViewController.m; sourceTree = "<group>"; };
		9883F52DA3743E6E05749221 /* Pods_OcTestProject.framework */ = {isa = PBXFileReference; explicitFileType = wrapper.framework; includeInIndex = 0; path = Pods_OcTestProject.framework; sourceTree = BUILT_PRODUCTS_DIR; };
		A0696E37A9C08C41CC282DD7 /* Pods-OcTestProject.debug.xcconfig */ = {isa = PBXFileReference; includeInIndex = 1; lastKnownFileType = text.xcconfig; name = "Pods-OcTestProject.debug.xcconfig"; path = "Target Support Files/Pods-OcTestProject/Pods-OcTestProject.debug.xcconfig"; sourceTree = "<group>"; };
		EEBADF758D0D3E563F700E28 /* MyModel.h */ = {isa = PBXFileReference; fileEncoding = 4; lastKnownFileType = sourcecode.c.h; path = MyModel.h; sourceTree = "<group>"; };
		EEBDFA98E2236DE01D25BA14 /* MyModel.m */ = {isa = PBXFileReference; fileEncoding = 4; lastKnownFileType = sourcecode.c.objc; path = MyModel.m; sourceTree = "<group>"; };
		EEBE6218F7C6F61FDC7C6876 /* .gitignore */ = {isa = PBXFileReference; lastKnownFileType = file.gitignore; path = .gitignore; sourceTree = "<group>"; };
		FB4A938C6B443CD54BEC54F1 /* Pods-OcTestProject.release.xcconfig */ = {isa = PBXFileReference; includeInIndex = 1; lastKnownFileType = text.xcconfig; name = "Pods-OcTestProject.release.xcconfig"; path = "Target Support Files/Pods-OcTestProject/Pods-OcTestProject.release.xcconfig"; sourceTree = "<group>"; };
/* End PBXFileReference section */

/* Begin PBXFrameworksBuildPhase section */
		570AE3952389769800C29753 /* Frameworks */ = {
			isa = PBXFrameworksBuildPhase;
			buildActionMask = 2147483647;
			files = (
				32B33130AC1585327AE676B8 /* Pods_OcTestProject.framework in Frameworks */,
			);
			runOnlyForDeploymentPostprocessing = 0;
		};
/* End PBXFrameworksBuildPhase section */

/* Begin PBXGroup section */
		0811434CC4D4BFC5C5A8CBB2 /* Frameworks */ = {
			isa = PBXGroup;
			children = (
				9883F52DA3743E6E05749221 /* Pods_OcTestProject.framework */,
			);
			name = Frameworks;
			sourceTree = "<group>";
		};
		4610758DA65EC13631CEC2BD /* Pods */ = {
			isa = PBXGroup;
			children = (
				A0696E37A9C08C41CC282DD7 /* Pods-OcTestProject.debug.xcconfig */,
				FB4A938C6B443CD54BEC54F1 /* Pods-OcTestProject.release.xcconfig */,
			);
			path = Pods;
			sourceTree = "<group>";
		};
		570AE38F2389769800C29753 = {
			isa = PBXGroup;
			children = (
				570AE39A2389769800C29753 /* OcTestProject */,
				570AE3992389769800C29753 /* Products */,
				4610758DA65EC13631CEC2BD /* Pods */,
				0811434CC4D4BFC5C5A8CBB2 /* Frameworks */,
				EEBE6218F7C6F61FDC7C6876 /* .gitignore */,
			);
			sourceTree = "<group>";
		};
		570AE3992389769800C29753 /* Products */ = {
			isa = PBXGroup;
			children = (
				570AE3982389769800C29753 /* OcTestProject.app */,
			);
			name = Products;
			sourceTree = "<group>";
		};
		570AE39A2389769800C29753 /* OcTestProject */ = {
			isa = PBXGroup;
			children = (
				57C28946238ACAE90000CAE9 /* TabelViewCell */,
				57C28945238ABDF40000CAE9 /* TableView */,
				57C2893A238AA8F50000CAE9 /* DetailPage */,
				57E12115238A71A0009DA333 /* SecondTab */,
				EEB3E60153FA9ACAF70414EF /* ThirdTab */,
				570AE39C2389769800C29753 /* AppDelegate.m */,
				570AE39B2389769800C29753 /* AppDelegate.h */,
				570AE39E2389769800C29753 /* SceneDelegate.h */,
				570AE39F2389769800C29753 /* SceneDelegate.m */,
				570AE3A12389769800C29753 /* MainViewController.h */,
				570AE3A22389769800C29753 /* MainViewController.m */,
				570AE3A42389769800C29753 /* Main.storyboard */,
				570AE3A72389769A00C29753 /* Assets.xcassets */,
				570AE3A92389769A00C29753 /* LaunchScreen.storyboard */,
				570AE3AC2389769A00C29753 /* Info.plist */,
				570AE3AD2389769A00C29753 /* main.m */,
			);
			path = OcTestProject;
			sourceTree = "<group>";
		};
		57C2893A238AA8F50000CAE9 /* DetailPage */ = {
			isa = PBXGroup;
			children = (
				57C2893B238AA9300000CAE9 /* DetailPageViewController.h */,
				57C2893C238AA9300000CAE9 /* DetailPageViewController.m */,
				57C2893D238AA9300000CAE9 /* DetailPageViewController.xib */,
			);
			path = DetailPage;
			sourceTree = "<group>";
		};
		57C28945238ABDF40000CAE9 /* TableView */ = {
			isa = PBXGroup;
			children = (
				57C28940238AABB80000CAE9 /* MyTableViewController.h */,
				57C28941238AABB80000CAE9 /* MyTableViewController.m */,
				57C28942238AABB80000CAE9 /* MyTableViewController.xib */,
				EEBDFA98E2236DE01D25BA14 /* MyModel.m */,
				EEBADF758D0D3E563F700E28 /* MyModel.h */,
			);
			path = TableView;
			sourceTree = "<group>";
		};
		57C28946238ACAE90000CAE9 /* TabelViewCell */ = {
			isa = PBXGroup;
			children = (
				57C28947238ACB050000CAE9 /* MyTableViewCell.h */,
				57C28948238ACB050000CAE9 /* MyTableViewCell.m */,
				57C28949238ACB050000CAE9 /* MyTableViewCell.xib */,
			);
			path = TabelViewCell;
			sourceTree = "<group>";
		};
		57E12115238A71A0009DA333 /* SecondTab */ = {
			isa = PBXGroup;
			children = (
				57E1211D238A7584009DA333 /* SecondTabViewController.h */,
				57E1211E238A7584009DA333 /* SecondTabViewController.m */,
			);
			path = SecondTab;
			sourceTree = "<group>";
		};
		EEB3E60153FA9ACAF70414EF /* ThirdTab */ = {
			isa = PBXGroup;
			children = (
				57E12121238A86E9009DA333 /* ThirdViewController.h */,
				57E12122238A86E9009DA333 /* ThirdViewController.m */,
			);
			path = ThirdTab;
			sourceTree = "<group>";
		};
/* End PBXGroup section */

/* Begin PBXNativeTarget section */
		570AE3972389769800C29753 /* OcTestProject */ = {
			isa = PBXNativeTarget;
			buildConfigurationList = 570AE3B12389769A00C29753 /* Build configuration list for PBXNativeTarget "OcTestProject" */;
			buildPhases = (
				1460318025D07FC6736DEC58 /* [CP] Check Pods Manifest.lock */,
				570AE3942389769800C29753 /* Sources */,
				570AE3952389769800C29753 /* Frameworks */,
				570AE3962389769800C29753 /* Resources */,
				14FA5C951EB8D2E360FA7C46 /* [CP] Embed Pods Frameworks */,
			);
			buildRules = (
			);
			dependencies = (
			);
			name = OcTestProject;
			productName = OcTestProject;
			productReference = 570AE3982389769800C29753 /* OcTestProject.app */;
			productType = "com.apple.product-type.application";
		};
/* End PBXNativeTarget section */

/* Begin PBXProject section */
		570AE3902389769800C29753 /* Project object */ = {
			isa = PBXProject;
			attributes = {
				KnownAssetTags = (
					aaa,
				);
				LastUpgradeCheck = 1120;
				ORGANIZATIONNAME = "X C";
				TargetAttributes = {
					570AE3972389769800C29753 = {
						CreatedOnToolsVersion = 11.2.1;
					};
				};
			};
			buildConfigurationList = 570AE3932389769800C29753 /* Build configuration list for PBXProject "OcTestProject" */;
			compatibilityVersion = "Xcode 9.3";
			developmentRegion = en;
			hasScannedForEncodings = 0;
			knownRegions = (
				en,
				Base,
			);
			mainGroup = 570AE38F2389769800C29753;
			productRefGroup = 570AE3992389769800C29753 /* Products */;
			projectDirPath = "";
			projectRoot = "";
			targets = (
				570AE3972389769800C29753 /* OcTestProject */,
			);
		};
/* End PBXProject section */

/* Begin PBXResourcesBuildPhase section */
		570AE3962389769800C29753 /* Resources */ = {
			isa = PBXResourcesBuildPhase;
			buildActionMask = 2147483647;
			files = (
				57C2893F238AA9300000CAE9 /* DetailPageViewController.xib in Resources */,
				57C2894B238ACB050000CAE9 /* MyTableViewCell.xib in Resources */,
				57C28944238AABB80000CAE9 /* MyTableViewController.xib in Resources */,
				570AE3AB2389769A00C29753 /* LaunchScreen.storyboard in Resources */,
				570AE3A82389769A00C29753 /* Assets.xcassets in Resources */,
				570AE3A62389769800C29753 /* Main.storyboard in Resources */,
				EEBC4FE36E876E36AA4C1A4A /* .gitignore in Resources */,
			);
			runOnlyForDeploymentPostprocessing = 0;
		};
/* End PBXResourcesBuildPhase section */

/* Begin PBXShellScriptBuildPhase section */
		1460318025D07FC6736DEC58 /* [CP] Check Pods Manifest.lock */ = {
			isa = PBXShellScriptBuildPhase;
			buildActionMask = 2147483647;
			files = (
			);
			inputFileListPaths = (
			);
			inputPaths = (
				"${PODS_PODFILE_DIR_PATH}/Podfile.lock",
				"${PODS_ROOT}/Manifest.lock",
			);
			name = "[CP] Check Pods Manifest.lock";
			outputFileListPaths = (
			);
			outputPaths = (
				"$(DERIVED_FILE_DIR)/Pods-OcTestProject-checkManifestLockResult.txt",
			);
			runOnlyForDeploymentPostprocessing = 0;
			shellPath = /bin/sh;
			shellScript = "diff \"${PODS_PODFILE_DIR_PATH}/Podfile.lock\" \"${PODS_ROOT}/Manifest.lock\" > /dev/null\nif [ $? != 0 ] ; then\n    # print error to STDERR\n    echo \"error: The sandbox is not in sync with the Podfile.lock. Run 'pod install' or update your CocoaPods installation.\" >&2\n    exit 1\nfi\n# This output is used by Xcode 'outputs' to avoid re-running this script phase.\necho \"SUCCESS\" > \"${SCRIPT_OUTPUT_FILE_0}\"\n";
			showEnvVarsInLog = 0;
		};
		14FA5C951EB8D2E360FA7C46 /* [CP] Embed Pods Frameworks */ = {
			isa = PBXShellScriptBuildPhase;
			buildActionMask = 2147483647;
			files = (
			);
			inputFileListPaths = (
				"${PODS_ROOT}/Target Support Files/Pods-OcTestProject/Pods-OcTestProject-frameworks-${CONFIGURATION}-input-files.xcfilelist",
			);
			name = "[CP] Embed Pods Frameworks";
			outputFileListPaths = (
				"${PODS_ROOT}/Target Support Files/Pods-OcTestProject/Pods-OcTestProject-frameworks-${CONFIGURATION}-output-files.xcfilelist",
			);
			runOnlyForDeploymentPostprocessing = 0;
			shellPath = /bin/sh;
			shellScript = "\"${PODS_ROOT}/Target Support Files/Pods-OcTestProject/Pods-OcTestProject-frameworks.sh\"\n";
			showEnvVarsInLog = 0;
		};
/* End PBXShellScriptBuildPhase section */

/* Begin PBXSourcesBuildPhase section */
		570AE3942389769800C29753 /* Sources */ = {
			isa = PBXSourcesBuildPhase;
			buildActionMask = 2147483647;
			files = (
				57E1211F238A7584009DA333 /* SecondTabViewController.m in Sources */,
				570AE3A32389769800C29753 /* MainViewController.m in Sources */,
				57E12123238A86E9009DA333 /* ThirdViewController.m in Sources */,
				57C2894A238ACB050000CAE9 /* MyTableViewCell.m in Sources */,
				57C2893E238AA9300000CAE9 /* DetailPageViewController.m in Sources */,
				570AE39D2389769800C29753 /* AppDelegate.m in Sources */,
				570AE3AE2389769A00C29753 /* main.m in Sources */,
				570AE3A02389769800C29753 /* SceneDelegate.m in Sources */,
				57C28943238AABB80000CAE9 /* MyTableViewController.m in Sources */,
				EEBE898F42756281BF24808E /* MyModel.m in Sources */,
			);
			runOnlyForDeploymentPostprocessing = 0;
		};
/* End PBXSourcesBuildPhase section */

/* Begin PBXVariantGroup section */
		570AE3A42389769800C29753 /* Main.storyboard */ = {
			isa = PBXVariantGroup;
			children = (
				570AE3A52389769800C29753 /* Base */,
			);
			name = Main.storyboard;
			sourceTree = "<group>";
		};
		570AE3A92389769A00C29753 /* LaunchScreen.storyboard */ = {
			isa = PBXVariantGroup;
			children = (
				570AE3AA2389769A00C29753 /* Base */,
			);
			name = LaunchScreen.storyboard;
			sourceTree = "<group>";
		};
/* End PBXVariantGroup section */

/* Begin XCBuildConfiguration section */
		570AE3AF2389769A00C29753 /* Debug */ = {
			isa = XCBuildConfiguration;
			buildSettings = {
				ALWAYS_SEARCH_USER_PATHS = NO;
				CLANG_ANALYZER_NONNULL = YES;
				CLANG_ANALYZER_NUMBER_OBJECT_CONVERSION = YES_AGGRESSIVE;
				CLANG_CXX_LANGUAGE_STANDARD = "gnu++14";
				CLANG_CXX_LIBRARY = "libc++";
				CLANG_ENABLE_MODULES = YES;
				CLANG_ENABLE_OBJC_ARC = YES;
				CLANG_ENABLE_OBJC_WEAK = YES;
				CLANG_WARN_BLOCK_CAPTURE_AUTORELEASING = YES;
				CLANG_WARN_BOOL_CONVERSION = YES;
				CLANG_WARN_COMMA = YES;
				CLANG_WARN_CONSTANT_CONVERSION = YES;
				CLANG_WARN_DEPRECATED_OBJC_IMPLEMENTATIONS = YES;
				CLANG_WARN_DIRECT_OBJC_ISA_USAGE = YES_ERROR;
				CLANG_WARN_DOCUMENTATION_COMMENTS = YES;
				CLANG_WARN_EMPTY_BODY = YES;
				CLANG_WARN_ENUM_CONVERSION = YES;
				CLANG_WARN_INFINITE_RECURSION = YES;
				CLANG_WARN_INT_CONVERSION = YES;
				CLANG_WARN_NON_LITERAL_NULL_CONVERSION = YES;
				CLANG_WARN_OBJC_IMPLICIT_RETAIN_SELF = YES;
				CLANG_WARN_OBJC_LITERAL_CONVERSION = YES;
				CLANG_WARN_OBJC_ROOT_CLASS = YES_ERROR;
				CLANG_WARN_RANGE_LOOP_ANALYSIS = YES;
				CLANG_WARN_STRICT_PROTOTYPES = YES;
				CLANG_WARN_SUSPICIOUS_MOVE = YES;
				CLANG_WARN_UNGUARDED_AVAILABILITY = YES_AGGRESSIVE;
				CLANG_WARN_UNREACHABLE_CODE = YES;
				CLANG_WARN__DUPLICATE_METHOD_MATCH = YES;
				COPY_PHASE_STRIP = NO;
				DEBUG_INFORMATION_FORMAT = dwarf;
				ENABLE_STRICT_OBJC_MSGSEND = YES;
				ENABLE_TESTABILITY = YES;
				GCC_C_LANGUAGE_STANDARD = gnu11;
				GCC_DYNAMIC_NO_PIC = NO;
				GCC_NO_COMMON_BLOCKS = YES;
				GCC_OPTIMIZATION_LEVEL = 0;
				GCC_PREPROCESSOR_DEFINITIONS = (
					"DEBUG=1",
					"$(inherited)",
				);
				GCC_WARN_64_TO_32_BIT_CONVERSION = YES;
				GCC_WARN_ABOUT_RETURN_TYPE = YES_ERROR;
				GCC_WARN_UNDECLARED_SELECTOR = YES;
				GCC_WARN_UNINITIALIZED_AUTOS = YES_AGGRESSIVE;
				GCC_WARN_UNUSED_FUNCTION = YES;
				GCC_WARN_UNUSED_VARIABLE = YES;
				IPHONEOS_DEPLOYMENT_TARGET = 13.2;
				MTL_ENABLE_DEBUG_INFO = INCLUDE_SOURCE;
				MTL_FAST_MATH = YES;
				ONLY_ACTIVE_ARCH = YES;
				SDKROOT = iphoneos;
			};
			name = Debug;
		};
		570AE3B02389769A00C29753 /* Release */ = {
			isa = XCBuildConfiguration;
			buildSettings = {
				ALWAYS_SEARCH_USER_PATHS = NO;
				CLANG_ANALYZER_NONNULL = YES;
				CLANG_ANALYZER_NUMBER_OBJECT_CONVERSION = YES_AGGRESSIVE;
				CLANG_CXX_LANGUAGE_STANDARD = "gnu++14";
				CLANG_CXX_LIBRARY = "libc++";
				CLANG_ENABLE_MODULES = YES;
				CLANG_ENABLE_OBJC_ARC = YES;
				CLANG_ENABLE_OBJC_WEAK = YES;
				CLANG_WARN_BLOCK_CAPTURE_AUTORELEASING = YES;
				CLANG_WARN_BOOL_CONVERSION = YES;
				CLANG_WARN_COMMA = YES;
				CLANG_WARN_CONSTANT_CONVERSION = YES;
				CLANG_WARN_DEPRECATED_OBJC_IMPLEMENTATIONS = YES;
				CLANG_WARN_DIRECT_OBJC_ISA_USAGE = YES_ERROR;
				CLANG_WARN_DOCUMENTATION_COMMENTS = YES;
				CLANG_WARN_EMPTY_BODY = YES;
				CLANG_WARN_ENUM_CONVERSION = YES;
				CLANG_WARN_INFINITE_RECURSION = YES;
				CLANG_WARN_INT_CONVERSION = YES;
				CLANG_WARN_NON_LITERAL_NULL_CONVERSION = YES;
				CLANG_WARN_OBJC_IMPLICIT_RETAIN_SELF = YES;
				CLANG_WARN_OBJC_LITERAL_CONVERSION = YES;
				CLANG_WARN_OBJC_ROOT_CLASS = YES_ERROR;
				CLANG_WARN_RANGE_LOOP_ANALYSIS = YES;
				CLANG_WARN_STRICT_PROTOTYPES = YES;
				CLANG_WARN_SUSPICIOUS_MOVE = YES;
				CLANG_WARN_UNGUARDED_AVAILABILITY = YES_AGGRESSIVE;
				CLANG_WARN_UNREACHABLE_CODE = YES;
				CLANG_WARN__DUPLICATE_METHOD_MATCH = YES;
				COPY_PHASE_STRIP = NO;
				DEBUG_INFORMATION_FORMAT = "dwarf-with-dsym";
				ENABLE_NS_ASSERTIONS = NO;
				ENABLE_STRICT_OBJC_MSGSEND = YES;
				GCC_C_LANGUAGE_STANDARD = gnu11;
				GCC_NO_COMMON_BLOCKS = YES;
				GCC_WARN_64_TO_32_BIT_CONVERSION = YES;
				GCC_WARN_ABOUT_RETURN_TYPE = YES_ERROR;
				GCC_WARN_UNDECLARED_SELECTOR = YES;
				GCC_WARN_UNINITIALIZED_AUTOS = YES_AGGRESSIVE;
				GCC_WARN_UNUSED_FUNCTION = YES;
				GCC_WARN_UNUSED_VARIABLE = YES;
				IPHONEOS_DEPLOYMENT_TARGET = 13.2;
				MTL_ENABLE_DEBUG_INFO = NO;
				MTL_FAST_MATH = YES;
				SDKROOT = iphoneos;
				VALIDATE_PRODUCT = YES;
			};
			name = Release;
		};
		570AE3B22389769A00C29753 /* Debug */ = {
			isa = XCBuildConfiguration;
			baseConfigurationReference = A0696E37A9C08C41CC282DD7 /* Pods-OcTestProject.debug.xcconfig */;
			buildSettings = {
				ASSETCATALOG_COMPILER_APPICON_NAME = AppIcon;
				CODE_SIGN_STYLE = Automatic;
				INFOPLIST_FILE = OcTestProject/Info.plist;
				LD_RUNPATH_SEARCH_PATHS = (
					"$(inherited)",
					"@executable_path/Frameworks",
				);
				PRODUCT_BUNDLE_IDENTIFIER = com.xc.OcTestProject;
				PRODUCT_NAME = "$(TARGET_NAME)";
				TARGETED_DEVICE_FAMILY = "1,2";
			};
			name = Debug;
		};
		570AE3B32389769A00C29753 /* Release */ = {
			isa = XCBuildConfiguration;
			baseConfigurationReference = FB4A938C6B443CD54BEC54F1 /* Pods-OcTestProject.release.xcconfig */;
			buildSettings = {
				ASSETCATALOG_COMPILER_APPICON_NAME = AppIcon;
				CODE_SIGN_STYLE = Automatic;
				INFOPLIST_FILE = OcTestProject/Info.plist;
				LD_RUNPATH_SEARCH_PATHS = (
					"$(inherited)",
					"@executable_path/Frameworks",
				);
				PRODUCT_BUNDLE_IDENTIFIER = com.xc.OcTestProject;
				PRODUCT_NAME = "$(TARGET_NAME)";
				TARGETED_DEVICE_FAMILY = "1,2";
			};
			name = Release;
		};
/* End XCBuildConfiguration section */

/* Begin XCConfigurationList section */
		570AE3932389769800C29753 /* Build configuration list for PBXProject "OcTestProject" */ = {
			isa = XCConfigurationList;
			buildConfigurations = (
				570AE3AF2389769A00C29753 /* Debug */,
				570AE3B02389769A00C29753 /* Release */,
			);
			defaultConfigurationIsVisible = 0;
			defaultConfigurationName = Release;
		};
		570AE3B12389769A00C29753 /* Build configuration list for PBXNativeTarget "OcTestProject" */ = {
			isa = XCConfigurationList;
			buildConfigurations = (
				570AE3B22389769A00C29753 /* Debug */,
				570AE3B32389769A00C29753 /* Release */,
			);
			defaultConfigurationIsVisible = 0;
			defaultConfigurationName = Release;
		};
/* End XCConfigurationList section */
	};
	rootObject = 570AE3902389769800C29753 /* Project object */;
}
